
Microsoft Visual Studio Solution File, Format Version 12.00
# Visual Studio Version 17
VisualStudioVersion = 17.1.32421.90
MinimumVisualStudioVersion = 10.0.40219.1
Project("{FAE04EC0-301F-11D3-BF4B-00C04F79EFBC}") = "EncapApp1", "EncapApp1\EncapApp1.csproj", "{10E117E1-A05B-405E-A075-EACCCD543C23}"
EndProject
Global
	GlobalSection(SolutionConfigurationPlatforms) = preSolution
		Debug|Any CPU = Debug|Any CPU
		Release|Any CPU = Release|Any CPU
	EndGlobalSection
	GlobalSection(ProjectConfigurationPlatforms) = postSolution
		{10E117E1-A05B-405E-A075-EACCCD543C23}.Debug|Any CPU.ActiveCfg = Debug|Any CPU
		{10E117E1-A05B-405E-A075-EACCCD543C23}.Debug|Any CPU.Build.0 = Debug|Any CPU
		{10E117E1-A05B-405E-A075-EACCCD543C23}.Release|Any CPU.ActiveCfg = Release|Any CPU
		{10E117E1-A05B-405E-A075-EACCCD543C23}.Release|Any CPU.Build.0 = Release|Any CPU
	EndGlobalSection
	GlobalSection(SolutionProperties) = preSolution
		HideSolutionNode = FALSE
	EndGlobalSection
	GlobalSection(ExtensibilityGlobals) = postSolution
		SolutionGuid = {746259BA-B7D5-4945-9119-401EE9CF7030}
	EndGlobalSection
EndGlobal
